// !$*UTF8*$!
{
	archiveVersion = 1;
	classes = {
	};
	objectVersion = 46;
	objects = {

/* Begin PBXBuildFile section */
		AC38558D1D7211C5007E4873 /* AppDelegate.swift in Sources */ = {isa = PBXBuildFile; fileRef = AC38558C1D7211C5007E4873 /* AppDelegate.swift */; };
		AC38558F1D7211C5007E4873 /* ViewController.swift in Sources */ = {isa = PBXBuildFile; fileRef = AC38558E1D7211C5007E4873 /* ViewController.swift */; };
		AC3855921D7211C5007E4873 /* Main.storyboard in Resources */ = {isa = PBXBuildFile; fileRef = AC3855901D7211C5007E4873 /* Main.storyboard */; };
		AC3855941D7211C5007E4873 /* Assets.xcassets in Resources */ = {isa = PBXBuildFile; fileRef = AC3855931D7211C5007E4873 /* Assets.xcassets */; };
		AC3855971D7211C5007E4873 /* LaunchScreen.storyboard in Resources */ = {isa = PBXBuildFile; fileRef = AC3855951D7211C5007E4873 /* LaunchScreen.storyboard */; };
		AC3855A21D7211C5007E4873 /* SlimeVolleyballUITests.swift in Sources */ = {isa = PBXBuildFile; fileRef = AC3855A11D7211C5007E4873 /* SlimeVolleyballUITests.swift */; };
		AC3855B21D721FB2007E4873 /* bluesemi3.png in Resources */ = {isa = PBXBuildFile; fileRef = AC3855B01D721FB2007E4873 /* bluesemi3.png */; };
		AC3855B31D721FB2007E4873 /* redsemi3.png in Resources */ = {isa = PBXBuildFile; fileRef = AC3855B11D721FB2007E4873 /* redsemi3.png */; };
		AC3855B51D725AAE007E4873 /* yellocircle.png in Resources */ = {isa = PBXBuildFile; fileRef = AC3855B41D725AAE007E4873 /* yellocircle.png */; };
/* End PBXBuildFile section */

/* Begin PBXContainerItemProxy section */
		AC38559E1D7211C5007E4873 /* PBXContainerItemProxy */ = {
			isa = PBXContainerItemProxy;
			containerPortal = AC3855811D7211C4007E4873 /* Project object */;
			proxyType = 1;
			remoteGlobalIDString = AC3855881D7211C4007E4873;
			remoteInfo = SlimeVolleyball;
		};
/* End PBXContainerItemProxy section */

/* Begin PBXFileReference section */
		AC3855891D7211C5007E4873 /* SlimeVolleyball.app */ = {isa = PBXFileReference; explicitFileType = wrapper.application; includeInIndex = 0; path = SlimeVolleyball.app; sourceTree = BUILT_PRODUCTS_DIR; };
		AC38558C1D7211C5007E4873 /* AppDelegate.swift */ = {isa = PBXFileReference; lastKnownFileType = sourcecode.swift; path = AppDelegate.swift; sourceTree = "<group>"; };
		AC38558E1D7211C5007E4873 /* ViewController.swift */ = {isa = PBXFileReference; lastKnownFileType = sourcecode.swift; path = ViewController.swift; sourceTree = "<group>"; };
		AC3855911D7211C5007E4873 /* Base */ = {isa = PBXFileReference; lastKnownFileType = file.storyboard; name = Base; path = Base.lproj/Main.storyboard; sourceTree = "<group>"; };
		AC3855931D7211C5007E4873 /* Assets.xcassets */ = {isa = PBXFileReference; lastKnownFileType = folder.assetcatalog; path = Assets.xcassets; sourceTree = "<group>"; };
		AC3855961D7211C5007E4873 /* Base */ = {isa = PBXFileReference; lastKnownFileType = file.storyboard; name = Base; path = Base.lproj/LaunchScreen.storyboard; sourceTree = "<group>"; };
		AC3855981D7211C5007E4873 /* Info.plist */ = {isa = PBXFileReference; lastKnownFileType = text.plist.xml; path = Info.plist; sourceTree = "<group>"; };
		AC38559D1D7211C5007E4873 /* SlimeVolleyballUITests.xctest */ = {isa = PBXFileReference; explicitFileType = wrapper.cfbundle; includeInIndex = 0; path = SlimeVolleyballUITests.xctest; sourceTree = BUILT_PRODUCTS_DIR; };
		AC3855A11D7211C5007E4873 /* SlimeVolleyballUITests.swift */ = {isa = PBXFileReference; lastKnownFileType = sourcecode.swift; path = SlimeVolleyballUITests.swift; sourceTree = "<group>"; };
		AC3855A31D7211C5007E4873 /* Info.plist */ = {isa = PBXFileReference; lastKnownFileType = text.plist.xml; path = Info.plist; sourceTree = "<group>"; };
		AC3855B01D721FB2007E4873 /* bluesemi3.png */ = {isa = PBXFileReference; lastKnownFileType = image.png; name = bluesemi3.png; path = pics/bluesemi3.png; sourceTree = "<group>"; };
		AC3855B11D721FB2007E4873 /* redsemi3.png */ = {isa = PBXFileReference; lastKnownFileType = image.png; name = redsemi3.png; path = pics/redsemi3.png; sourceTree = "<group>"; };
		AC3855B41D725AAE007E4873 /* yellocircle.png */ = {isa = PBXFileReference; lastKnownFileType = image.png; name = yellocircle.png; path = pics/yellocircle.png; sourceTree = "<group>"; };
/* End PBXFileReference section */

/* Begin PBXFrameworksBuildPhase section */
		AC3855861D7211C4007E4873 /* Frameworks */ = {
			isa = PBXFrameworksBuildPhase;
			buildActionMask = 2147483647;
			files = (
			);
			runOnlyForDeploymentPostprocessing = 0;
		};
		AC38559A1D7211C5007E4873 /* Frameworks */ = {
			isa = PBXFrameworksBuildPhase;
			buildActionMask = 2147483647;
			files = (
			);
			runOnlyForDeploymentPostprocessing = 0;
		};
/* End PBXFrameworksBuildPhase section */

/* Begin PBXGroup section */
		AC3855801D7211C4007E4873 = {
			isa = PBXGroup;
			children = (
				AC38558B1D7211C5007E4873 /* SlimeVolleyball */,
				AC3855A01D7211C5007E4873 /* SlimeVolleyballUITests */,
				AC38558A1D7211C5007E4873 /* Products */,
			);
			sourceTree = "<group>";
		};
		AC38558A1D7211C5007E4873 /* Products */ = {
			isa = PBXGroup;
			children = (
				AC3855891D7211C5007E4873 /* SlimeVolleyball.app */,
				AC38559D1D7211C5007E4873 /* SlimeVolleyballUITests.xctest */,
			);
			name = Products;
			sourceTree = "<group>";
		};
		AC38558B1D7211C5007E4873 /* SlimeVolleyball */ = {
			isa = PBXGroup;
			children = (
				AC3855B41D725AAE007E4873 /* yellocircle.png */,
				AC3855B01D721FB2007E4873 /* bluesemi3.png */,
				AC3855B11D721FB2007E4873 /* redsemi3.png */,
				AC38558C1D7211C5007E4873 /* AppDelegate.swift */,
				AC38558E1D7211C5007E4873 /* ViewController.swift */,
				AC3855901D7211C5007E4873 /* Main.storyboard */,
				AC3855931D7211C5007E4873 /* Assets.xcassets */,
				AC3855951D7211C5007E4873 /* LaunchScreen.storyboard */,
				AC3855981D7211C5007E4873 /* Info.plist */,
			);
			path = SlimeVolleyball;
			sourceTree = "<group>";
		};
		AC3855A01D7211C5007E4873 /* SlimeVolleyballUITests */ = {
			isa = PBXGroup;
			children = (
				AC3855A11D7211C5007E4873 /* SlimeVolleyballUITests.swift */,
				AC3855A31D7211C5007E4873 /* Info.plist */,
			);
			path = SlimeVolleyballUITests;
			sourceTree = "<group>";
		};
/* End PBXGroup section */

/* Begin PBXNativeTarget section */
		AC3855881D7211C4007E4873 /* SlimeVolleyball */ = {
			isa = PBXNativeTarget;
			buildConfigurationList = AC3855A61D7211C5007E4873 /* Build configuration list for PBXNativeTarget "SlimeVolleyball" */;
			buildPhases = (
				AC3855851D7211C4007E4873 /* Sources */,
				AC3855861D7211C4007E4873 /* Frameworks */,
				AC3855871D7211C4007E4873 /* Resources */,
			);
			buildRules = (
			);
			dependencies = (
			);
			name = SlimeVolleyball;
			productName = SlimeVolleyball;
			productReference = AC3855891D7211C5007E4873 /* SlimeVolleyball.app */;
			productType = "com.apple.product-type.application";
		};
		AC38559C1D7211C5007E4873 /* SlimeVolleyballUITests */ = {
			isa = PBXNativeTarget;
			buildConfigurationList = AC3855A91D7211C5007E4873 /* Build configuration list for PBXNativeTarget "SlimeVolleyballUITests" */;
			buildPhases = (
				AC3855991D7211C5007E4873 /* Sources */,
				AC38559A1D7211C5007E4873 /* Frameworks */,
				AC38559B1D7211C5007E4873 /* Resources */,
			);
			buildRules = (
			);
			dependencies = (
				AC38559F1D7211C5007E4873 /* PBXTargetDependency */,
			);
			name = SlimeVolleyballUITests;
			productName = SlimeVolleyballUITests;
			productReference = AC38559D1D7211C5007E4873 /* SlimeVolleyballUITests.xctest */;
			productType = "com.apple.product-type.bundle.ui-testing";
		};
/* End PBXNativeTarget section */

/* Begin PBXProject section */
		AC3855811D7211C4007E4873 /* Project object */ = {
			isa = PBXProject;
			attributes = {
				LastSwiftUpdateCheck = 0730;
				LastUpgradeCheck = 0730;
				ORGANIZATIONNAME = Warzac;
				TargetAttributes = {
					AC3855881D7211C4007E4873 = {
						CreatedOnToolsVersion = 7.3.1;
						DevelopmentTeam = 6SR8LUPE56;
					};
					AC38559C1D7211C5007E4873 = {
						CreatedOnToolsVersion = 7.3.1;
						TestTargetID = AC3855881D7211C4007E4873;
					};
				};
			};
			buildConfigurationList = AC3855841D7211C4007E4873 /* Build configuration list for PBXProject "SlimeVolleyball" */;
			compatibilityVersion = "Xcode 3.2";
			developmentRegion = English;
			hasScannedForEncodings = 0;
			knownRegions = (
				en,
				Base,
			);
			mainGroup = AC3855801D7211C4007E4873;
			productRefGroup = AC38558A1D7211C5007E4873 /* Products */;
			projectDirPath = "";
			projectRoot = "";
			targets = (
				AC3855881D7211C4007E4873 /* SlimeVolleyball */,
				AC38559C1D7211C5007E4873 /* SlimeVolleyballUITests */,
			);
		};
/* End PBXProject section */

/* Begin PBXResourcesBuildPhase section */
		AC3855871D7211C4007E4873 /* Resources */ = {
			isa = PBXResourcesBuildPhase;
			buildActionMask = 2147483647;
			files = (
				AC3855971D7211C5007E4873 /* LaunchScreen.storyboard in Resources */,
				AC3855B51D725AAE007E4873 /* yellocircle.png in Resources */,
				AC3855B31D721FB2007E4873 /* redsemi3.png in Resources */,
				AC3855B21D721FB2007E4873 /* bluesemi3.png in Resources */,
				AC3855941D7211C5007E4873 /* Assets.xcassets in Resources */,
				AC3855921D7211C5007E4873 /* Main.storyboard in Resources */,
			);
			runOnlyForDeploymentPostprocessing = 0;
		};
		AC38559B1D7211C5007E4873 /* Resources */ = {
			isa = PBXResourcesBuildPhase;
			buildActionMask = 2147483647;
			files = (
			);
			runOnlyForDeploymentPostprocessing = 0;
		};
/* End PBXResourcesBuildPhase section */

/* Begin PBXSourcesBuildPhase section */
		AC3855851D7211C4007E4873 /* Sources */ = {
			isa = PBXSourcesBuildPhase;
			buildActionMask = 2147483647;
			files = (
				AC38558F1D7211C5007E4873 /* ViewController.swift in Sources */,
				AC38558D1D7211C5007E4873 /* AppDelegate.swift in Sources */,
			);
			runOnlyForDeploymentPostprocessing = 0;
		};
		AC3855991D7211C5007E4873 /* Sources */ = {
			isa = PBXSourcesBuildPhase;
			buildActionMask = 2147483647;
			files = (
				AC3855A21D7211C5007E4873 /* SlimeVolleyballUITests.swift in Sources */,
			);
			runOnlyForDeploymentPostprocessing = 0;
		};
/* End PBXSourcesBuildPhase section */

/* Begin PBXTargetDependency section */
		AC38559F1D7211C5007E4873 /* PBXTargetDependency */ = {
			isa = PBXTargetDependency;
			target = AC3855881D7211C4007E4873 /* SlimeVolleyball */;
			targetProxy = AC38559E1D7211C5007E4873 /* PBXContainerItemProxy */;
		};
/* End PBXTargetDependency section */

/* Begin PBXVariantGroup section */
		AC3855901D7211C5007E4873 /* Main.storyboard */ = {
			isa = PBXVariantGroup;
			children = (
				AC3855911D7211C5007E4873 /* Base */,
			);
			name = Main.storyboard;
			sourceTree = "<group>";
		};
		AC3855951D7211C5007E4873 /* LaunchScreen.storyboard */ = {
			isa = PBXVariantGroup;
			children = (
				AC3855961D7211C5007E4873 /* Base */,
			);
			name = LaunchScreen.storyboard;
			sourceTree = "<group>";
		};
/* End PBXVariantGroup section */

/* Begin XCBuildConfiguration section */
		AC3855A41D7211C5007E4873 /* Debug */ = {
			isa = XCBuildConfiguration;
			buildSettings = {
				ALWAYS_SEARCH_USER_PATHS = NO;
				CLANG_ANALYZER_NONNULL = YES;
				CLANG_CXX_LANGUAGE_STANDARD = "gnu++0x";
				CLANG_CXX_LIBRARY = "libc++";
				CLANG_ENABLE_MODULES = YES;
				CLANG_ENABLE_OBJC_ARC = YES;
				CLANG_WARN_BOOL_CONVERSION = YES;
				CLANG_WARN_CONSTANT_CONVERSION = YES;
				CLANG_WARN_DIRECT_OBJC_ISA_USAGE = YES_ERROR;
				CLANG_WARN_EMPTY_BODY = YES;
				CLANG_WARN_ENUM_CONVERSION = YES;
				CLANG_WARN_INT_CONVERSION = YES;
				CLANG_WARN_OBJC_ROOT_CLASS = YES_ERROR;
				CLANG_WARN_UNREACHABLE_CODE = YES;
				CLANG_WARN__DUPLICATE_METHOD_MATCH = YES;
				"CODE_SIGN_IDENTITY[sdk=iphoneos*]" = "iPhone Developer";
				COPY_PHASE_STRIP = NO;
				DEBUG_INFORMATION_FORMAT = dwarf;
				ENABLE_STRICT_OBJC_MSGSEND = YES;
				ENABLE_TESTABILITY = YES;
				GCC_C_LANGUAGE_STANDARD = gnu99;
				GCC_DYNAMIC_NO_PIC = NO;
				GCC_NO_COMMON_BLOCKS = YES;
				GCC_OPTIMIZATION_LEVEL = 0;
				GCC_PREPROCESSOR_DEFINITIONS = (
					"DEBUG=1",
					"$(inherited)",
				);
				GCC_WARN_64_TO_32_BIT_CONVERSION = YES;
				GCC_WARN_ABOUT_RETURN_TYPE = YES_ERROR;
				GCC_WARN_UNDECLARED_SELECTOR = YES;
				GCC_WARN_UNINITIALIZED_AUTOS = YES_AGGRESSIVE;
				GCC_WARN_UNUSED_FUNCTION = YES;
				GCC_WARN_UNUSED_VARIABLE = YES;
				IPHONEOS_DEPLOYMENT_TARGET = 9.3;
				MTL_ENABLE_DEBUG_INFO = YES;
				ONLY_ACTIVE_ARCH = YES;
				SDKROOT = iphoneos;
				SWIFT_OPTIMIZATION_LEVEL = "-Onone";
				TARGETED_DEVICE_FAMILY = "1,2";
			};
			name = Debug;
		};
		AC3855A51D7211C5007E4873 /* Release */ = {
			isa = XCBuildConfiguration;
			buildSettings = {
				ALWAYS_SEARCH_USER_PATHS = NO;
				CLANG_ANALYZER_NONNULL = YES;
				CLANG_CXX_LANGUAGE_STANDARD = "gnu++0x";
				CLANG_CXX_LIBRARY = "libc++";
				CLANG_ENABLE_MODULES = YES;
				CLANG_ENABLE_OBJC_ARC = YES;
				CLANG_WARN_BOOL_CONVERSION = YES;
				CLANG_WARN_CONSTANT_CONVERSION = YES;
				CLANG_WARN_DIRECT_OBJC_ISA_USAGE = YES_ERROR;
				CLANG_WARN_EMPTY_BODY = YES;
				CLANG_WARN_ENUM_CONVERSION = YES;
				CLANG_WARN_INT_CONVERSION = YES;
				CLANG_WARN_OBJC_ROOT_CLASS = YES_ERROR;
				CLANG_WARN_UNREACHABLE_CODE = YES;
				CLANG_WARN__DUPLICATE_METHOD_MATCH = YES;
				"CODE_SIGN_IDENTITY[sdk=iphoneos*]" = "iPhone Developer";
				COPY_PHASE_STRIP = NO;
				DEBUG_INFORMATION_FORMAT = "dwarf-with-dsym";
				ENABLE_NS_ASSERTIONS = NO;
				ENABLE_STRICT_OBJC_MSGSEND = YES;
				GCC_C_LANGUAGE_STANDARD = gnu99;
				GCC_NO_COMMON_BLOCKS = YES;
				GCC_WARN_64_TO_32_BIT_CONVERSION = YES;
				GCC_WARN_ABOUT_RETURN_TYPE = YES_ERROR;
				GCC_WARN_UNDECLARED_SELECTOR = YES;
				GCC_WARN_UNINITIALIZED_AUTOS = YES_AGGRESSIVE;
				GCC_WARN_UNUSED_FUNCTION = YES;
				GCC_WARN_UNUSED_VARIABLE = YES;
				IPHONEOS_DEPLOYMENT_TARGET = 9.3;
				MTL_ENABLE_DEBUG_INFO = NO;
				SDKROOT = iphoneos;
				TARGETED_DEVICE_FAMILY = "1,2";
				VALIDATE_PRODUCT = YES;
			};
			name = Release;
		};
		AC3855A71D7211C5007E4873 /* Debug */ = {
			isa = XCBuildConfiguration;
			buildSettings = {
				ASSETCATALOG_COMPILER_APPICON_NAME = AppIcon;
				CODE_SIGN_IDENTITY = "iPhone Developer";
				"CODE_SIGN_IDENTITY[sdk=iphoneos*]" = "iPhone Developer";
				INFOPLIST_FILE = SlimeVolleyball/Info.plist;
				LD_RUNPATH_SEARCH_PATHS = "$(inherited) @executable_path/Frameworks";
				PRODUCT_BUNDLE_IDENTIFIER = wz.SlimeVolleyball;
				PRODUCT_NAME = "$(TARGET_NAME)";
				PROVISIONING_PROFILE = "";
			};
			name = Debug;
		};
		AC3855A81D7211C5007E4873 /* Release */ = {
			isa = XCBuildConfiguration;
			buildSettings = {
				ASSETCATALOG_COMPILER_APPICON_NAME = AppIcon;
				CODE_SIGN_IDENTITY = "iPhone Developer";
				"CODE_SIGN_IDENTITY[sdk=iphoneos*]" = "iPhone Developer";
				INFOPLIST_FILE = SlimeVolleyball/Info.plist;
				LD_RUNPATH_SEARCH_PATHS = "$(inherited) @executable_path/Frameworks";
				PRODUCT_BUNDLE_IDENTIFIER = wz.SlimeVolleyball;
				PRODUCT_NAME = "$(TARGET_NAME)";
				PROVISIONING_PROFILE = "";
			};
			name = Release;
		};
		AC3855AA1D7211C5007E4873 /* Debug */ = {
			isa = XCBuildConfiguration;
			buildSettings = {
				INFOPLIST_FILE = SlimeVolleyballUITests/Info.plist;
				LD_RUNPATH_SEARCH_PATHS = "$(inherited) @executable_path/Frameworks @loader_path/Frameworks";
				PRODUCT_BUNDLE_IDENTIFIER = wz.SlimeVolleyballUITests;
				PRODUCT_NAME = "$(TARGET_NAME)";
				TEST_TARGET_NAME = SlimeVolleyball;
			};
			name = Debug;
		};
		AC3855AB1D7211C5007E4873 /* Release */ = {
			isa = XCBuildConfiguration;
			buildSettings = {
				INFOPLIST_FILE = SlimeVolleyballUITests/Info.plist;
				LD_RUNPATH_SEARCH_PATHS = "$(inherited) @executable_path/Frameworks @loader_path/Frameworks";
				PRODUCT_BUNDLE_IDENTIFIER = wz.SlimeVolleyballUITests;
				PRODUCT_NAME = "$(TARGET_NAME)";
				TEST_TARGET_NAME = SlimeVolleyball;
			};
			name = Release;
		};
/* End XCBuildConfiguration section */

/* Begin XCConfigurationList section */
		AC3855841D7211C4007E4873 /* Build configuration list for PBXProject "SlimeVolleyball" */ = {
			isa = XCConfigurationList;
			buildConfigurations = (
				AC3855A41D7211C5007E4873 /* Debug */,
				AC3855A51D7211C5007E4873 /* Release */,
			);
			defaultConfigurationIsVisible = 0;
			defaultConfigurationName = Release;
		};
		AC3855A61D7211C5007E4873 /* Build configuration list for PBXNativeTarget "SlimeVolleyball" */ = {
			isa = XCConfigurationList;
			buildConfigurations = (
				AC3855A71D7211C5007E4873 /* Debug */,
				AC3855A81D7211C5007E4873 /* Release */,
			);
			defaultConfigurationIsVisible = 0;
		};
		AC3855A91D7211C5007E4873 /* Build configuration list for PBXNativeTarget "SlimeVolleyballUITests" */ = {
			isa = XCConfigurationList;
			buildConfigurations = (
				AC3855AA1D7211C5007E4873 /* Debug */,
				AC3855AB1D7211C5007E4873 /* Release */,
			);
			defaultConfigurationIsVisible = 0;
		};
/* End XCConfigurationList section */
	};
	rootObject = AC3855811D7211C4007E4873 /* Project object */;
}
